PODS:
  - app_tracking_transparency (0.0.1):
    - Flutter
  - device_info_plus (0.0.1):
    - Flutter
  - Firebase/CoreOnly (10.25.0):
    - FirebaseCore (= 10.25.0)
  - Firebase/RemoteConfig (10.25.0):
    - Firebase/CoreOnly
    - FirebaseRemoteConfig (~> 10.25.0)
  - firebase_core (2.31.0):
    - Firebase/CoreOnly (= 10.25.0)
    - Flutter
  - firebase_remote_config (4.4.5):
    - Firebase/RemoteConfig (= 10.25.0)
    - firebase_core
    - Flutter
  - FirebaseABTesting (10.25.0):
    - FirebaseCore (~> 10.0)
  - FirebaseCore (10.25.0):
    - FirebaseCoreInternal (~> 10.0)
    - GoogleUtilities/Environment (~> 7.12)
    - GoogleUtilities/Logger (~> 7.12)
  - FirebaseCoreInternal (10.25.0):
    - "GoogleUtilities/NSData+zlib (~> 7.8)"
  - FirebaseInstallations (10.25.0):
    - FirebaseCore (~> 10.0)
    - GoogleUtilities/Environment (~> 7.8)
    - GoogleUtilities/UserDefaults (~> 7.8)
    - PromisesObjC (~> 2.1)
  - FirebaseRemoteConfig (10.25.0):
    - FirebaseABTesting (~> 10.0)
    - FirebaseCore (~> 10.0)
    - FirebaseInstallations (~> 10.0)
    - FirebaseRemoteConfigInterop (~> 10.23)
    - FirebaseSharedSwift (~> 10.0)
    - GoogleUtilities/Environment (~> 7.8)
    - "GoogleUtilities/NSData+zlib (~> 7.8)"
  - FirebaseRemoteConfigInterop (10.25.0)
  - FirebaseSharedSwift (10.25.0)
  - Flutter (1.0.0)
  - flutter_keyboard_visibility (0.0.1):
    - Flutter
  - flutter_libphonenumber_ios (1.1.4):
    - Flutter
    - PhoneNumberKit/PhoneNumberKitCore (= 3.7.9)
  - flutter_secure_storage (6.0.0):
    - Flutter
  - geolocator_apple (1.2.0):
    - Flutter
  - GoogleUtilities/Environment (7.13.2):
    - GoogleUtilities/Privacy
    - PromisesObjC (< 3.0, >= 1.2)
  - GoogleUtilities/Logger (7.13.2):
    - GoogleUtilities/Environment
    - GoogleUtilities/Privacy
  - "GoogleUtilities/NSData+zlib (7.13.2)":
    - GoogleUtilities/Privacy
  - GoogleUtilities/Privacy (7.13.2)
  - GoogleUtilities/UserDefaults (7.13.2):
    - GoogleUtilities/Logger
    - GoogleUtilities/Privacy
  - local_auth_darwin (0.0.1):
    - Flutter
  - native_dialog_plus (0.0.1):
    - Flutter
  - onboarding_flutter_wrapper (3.1.0):
    - Flutter
  - path_provider_foundation (0.0.1):
    - Flutter
    - FlutterMacOS
  - permission_handler_apple (9.3.0):
    - Flutter
  - PhoneNumberKit/PhoneNumberKitCore (3.7.9)
  - PromisesObjC (2.4.0)
  - seon_plugin (3.0.0):
    - Flutter
    - SeonSDK (~> 5.0.0)
  - SeonSDK (5.0.0)
  - shared_preferences_foundation (0.0.1):
    - Flutter
    - FlutterMacOS
  - smart_auth (0.0.1):
    - Flutter
  - sms_autofill (0.0.1):
    - Flutter
  - syncfusion_flutter_pdfviewer (0.0.1):
    - Flutter
  - url_launcher_ios (0.0.1):
    - Flutter

DEPENDENCIES:
  - app_tracking_transparency (from `.symlinks/plugins/app_tracking_transparency/ios`)
  - device_info_plus (from `.symlinks/plugins/device_info_plus/ios`)
  - firebase_core (from `.symlinks/plugins/firebase_core/ios`)
  - firebase_remote_config (from `.symlinks/plugins/firebase_remote_config/ios`)
  - Flutter (from `Flutter`)
  - flutter_keyboard_visibility (from `.symlinks/plugins/flutter_keyboard_visibility/ios`)
  - flutter_libphonenumber_ios (from `.symlinks/plugins/flutter_libphonenumber_ios/ios`)
  - flutter_secure_storage (from `.symlinks/plugins/flutter_secure_storage/ios`)
  - geolocator_apple (from `.symlinks/plugins/geolocator_apple/ios`)
  - local_auth_darwin (from `.symlinks/plugins/local_auth_darwin/darwin`)
  - native_dialog_plus (from `.symlinks/plugins/native_dialog_plus/ios`)
  - onboarding_flutter_wrapper (from `.symlinks/plugins/onboarding_flutter_wrapper/ios`)
  - path_provider_foundation (from `.symlinks/plugins/path_provider_foundation/darwin`)
  - permission_handler_apple (from `.symlinks/plugins/permission_handler_apple/ios`)
  - seon_plugin (from `.symlinks/plugins/seon_plugin/ios`)
  - shared_preferences_foundation (from `.symlinks/plugins/shared_preferences_foundation/darwin`)
  - smart_auth (from `.symlinks/plugins/smart_auth/ios`)
  - sms_autofill (from `.symlinks/plugins/sms_autofill/ios`)
  - syncfusion_flutter_pdfviewer (from `.symlinks/plugins/syncfusion_flutter_pdfviewer/ios`)
  - url_launcher_ios (from `.symlinks/plugins/url_launcher_ios/ios`)

SPEC REPOS:
  trunk:
    - Firebase
    - FirebaseABTesting
    - FirebaseCore
    - FirebaseCoreInternal
    - FirebaseInstallations
    - FirebaseRemoteConfig
    - FirebaseRemoteConfigInterop
    - FirebaseSharedSwift
    - GoogleUtilities
    - PhoneNumberKit
    - PromisesObjC
    - SeonSDK

EXTERNAL SOURCES:
  app_tracking_transparency:
    :path: ".symlinks/plugins/app_tracking_transparency/ios"
  device_info_plus:
    :path: ".symlinks/plugins/device_info_plus/ios"
  firebase_core:
    :path: ".symlinks/plugins/firebase_core/ios"
  firebase_remote_config:
    :path: ".symlinks/plugins/firebase_remote_config/ios"
  Flutter:
    :path: Flutter
  flutter_keyboard_visibility:
    :path: ".symlinks/plugins/flutter_keyboard_visibility/ios"
  flutter_libphonenumber_ios:
    :path: ".symlinks/plugins/flutter_libphonenumber_ios/ios"
  flutter_secure_storage:
    :path: ".symlinks/plugins/flutter_secure_storage/ios"
  geolocator_apple:
    :path: ".symlinks/plugins/geolocator_apple/ios"
  local_auth_darwin:
    :path: ".symlinks/plugins/local_auth_darwin/darwin"
  native_dialog_plus:
    :path: ".symlinks/plugins/native_dialog_plus/ios"
  onboarding_flutter_wrapper:
    :path: ".symlinks/plugins/onboarding_flutter_wrapper/ios"
  path_provider_foundation:
    :path: ".symlinks/plugins/path_provider_foundation/darwin"
  permission_handler_apple:
    :path: ".symlinks/plugins/permission_handler_apple/ios"
  seon_plugin:
    :path: ".symlinks/plugins/seon_plugin/ios"
  shared_preferences_foundation:
    :path: ".symlinks/plugins/shared_preferences_foundation/darwin"
  smart_auth:
    :path: ".symlinks/plugins/smart_auth/ios"
  sms_autofill:
    :path: ".symlinks/plugins/sms_autofill/ios"
  syncfusion_flutter_pdfviewer:
    :path: ".symlinks/plugins/syncfusion_flutter_pdfviewer/ios"
  url_launcher_ios:
    :path: ".symlinks/plugins/url_launcher_ios/ios"

SPEC CHECKSUMS:
  app_tracking_transparency: e169b653478da7bb15a6c61209015378ca73e375
  device_info_plus: c6fb39579d0f423935b0c9ce7ee2f44b71b9fce6
  Firebase: 0312a2352584f782ea56f66d91606891d4607f06
  firebase_core: 0b39f4f424e02eecabb2356ddf331fa07b772af8
  firebase_remote_config: f57c28ff78d1d933bbe1b2cc11659cc82f9978e8
  FirebaseABTesting: e6e3c3e0e35813874f571d1b7bdae2aab319dd38
  FirebaseCore: 7ec4d0484817f12c3373955bc87762d96842d483
  FirebaseCoreInternal: 910a81992c33715fec9263ca7381d59ab3a750b7
  FirebaseInstallations: 91950fe859846fff0fbd296180909dd273103b09
  FirebaseRemoteConfig: 9f3935cefecd85d5b312192117f444957de24a75
  FirebaseRemoteConfigInterop: b25018791b204c0d78a90e394d6c62d9b1f22da8
  FirebaseSharedSwift: 0274086954b1b2d5fd7e829eccc587044d72a4ba
  Flutter: e0871f40cf51350855a761d2e70bf5af5b9b5de7
  flutter_keyboard_visibility: 0339d06371254c3eb25eeb90ba8d17dca8f9c069
  flutter_libphonenumber_ios: eb22e6f6e97c9604805f00bff961ca397071dfdc
  flutter_secure_storage: 23fc622d89d073675f2eaa109381aefbcf5a49be
  geolocator_apple: 6cbaf322953988e009e5ecb481f07efece75c450
  GoogleUtilities: c56430aef51a1aa57b25da78c3f8397e522c67b7
  local_auth_darwin: 4d56c90c2683319835a61274b57620df9c4520ab
  native_dialog_plus: 2569983aa751786faf8377ca0b8b7c4d434b4ba1
  onboarding_flutter_wrapper: b806a2e45cc4842d1abb0172bb3f695b6c86359f
  path_provider_foundation: 3784922295ac71e43754bd15e0653ccfd36a147c
  permission_handler_apple: 9878588469a2b0d0fc1e048d9f43605f92e6cec2
  PhoneNumberKit: 9c8d546d65c3784721d575a29e712ae8b992fe79
  PromisesObjC: f5707f49cb48b9636751c5b2e7d227e43fba9f47
  seon_plugin: aa0b9450d85fd4691bd7be7681a98d0d7dfdfecc
  SeonSDK: 6f350696536fe9c88b3098577716a624cfc741e3
  shared_preferences_foundation: fcdcbc04712aee1108ac7fda236f363274528f78
  smart_auth: 4bedbc118723912d0e45a07e8ab34039c19e04f2
  sms_autofill: c461043483362c3f1709ee76eaae6eb570b31686
  syncfusion_flutter_pdfviewer: bb9998884b864cfedf72628df3503bdf57e397c0
  url_launcher_ios: 5334b05cef931de560670eeae103fd3e431ac3fe

PODFILE CHECKSUM: 719c8c9af1f5a1c1719b5a8f0d67ee1f92117267

COCOAPODS: 1.14.3
